// !$*UTF8*$!
{
	archiveVersion = 1;
	classes = {
	};
	objectVersion = 56;
	objects = {

/* Begin PBXBuildFile section */
		F50751DF2A263CD4009A3D3F /* DataProvider.swift in Sources */ = {isa = PBXBuildFile; fileRef = F50751DE2A263CD4009A3D3F /* DataProvider.swift */; };
		F511ABF529EBE169003BE4F1 /* AppDelegate.swift in Sources */ = {isa = PBXBuildFile; fileRef = F511ABF429EBE169003BE4F1 /* AppDelegate.swift */; };
		F511ABF729EBE169003BE4F1 /* SceneDelegate.swift in Sources */ = {isa = PBXBuildFile; fileRef = F511ABF629EBE169003BE4F1 /* SceneDelegate.swift */; };
		F511ABF929EBE169003BE4F1 /* ImageViewController.swift in Sources */ = {isa = PBXBuildFile; fileRef = F511ABF829EBE169003BE4F1 /* ImageViewController.swift */; };
		F511ABFC29EBE169003BE4F1 /* Main.storyboard in Resources */ = {isa = PBXBuildFile; fileRef = F511ABFA29EBE169003BE4F1 /* Main.storyboard */; };
		F511ABFE29EBE16A003BE4F1 /* Assets.xcassets in Resources */ = {isa = PBXBuildFile; fileRef = F511ABFD29EBE16A003BE4F1 /* Assets.xcassets */; };
		F511AC0129EBE16A003BE4F1 /* LaunchScreen.storyboard in Resources */ = {isa = PBXBuildFile; fileRef = F511ABFF29EBE16A003BE4F1 /* LaunchScreen.storyboard */; };
		F511AC0929EBE1CB003BE4F1 /* .gitignore in Resources */ = {isa = PBXBuildFile; fileRef = F511AC0829EBE1CB003BE4F1 /* .gitignore */; };
		F511AC1329EBFD7E003BE4F1 /* CoursesViewController.swift in Sources */ = {isa = PBXBuildFile; fileRef = F511AC1229EBFD7E003BE4F1 /* CoursesViewController.swift */; };
		F511AC1729EC02B9003BE4F1 /* WebViewController.swift in Sources */ = {isa = PBXBuildFile; fileRef = F511AC1629EC02B9003BE4F1 /* WebViewController.swift */; };
		F511AC1A29EC0386003BE4F1 /* TableViewCell.swift in Sources */ = {isa = PBXBuildFile; fileRef = F511AC1929EC0386003BE4F1 /* TableViewCell.swift */; };
		F511AC1D29EC058E003BE4F1 /* Course.swift in Sources */ = {isa = PBXBuildFile; fileRef = F511AC1C29EC058E003BE4F1 /* Course.swift */; };
		F511AC1F29EC0B41003BE4F1 /* WebsiteDescription.swift in Sources */ = {isa = PBXBuildFile; fileRef = F511AC1E29EC0B41003BE4F1 /* WebsiteDescription.swift */; };
		F511AC2129EC1DA2003BE4F1 /* MainViewController.swift in Sources */ = {isa = PBXBuildFile; fileRef = F511AC2029EC1DA2003BE4F1 /* MainViewController.swift */; };
		F511AC2329EC1DB8003BE4F1 /* CollectionViewCell.swift in Sources */ = {isa = PBXBuildFile; fileRef = F511AC2229EC1DB8003BE4F1 /* CollectionViewCell.swift */; };
		F511AC2529EC25FE003BE4F1 /* NetworkManager.swift in Sources */ = {isa = PBXBuildFile; fileRef = F511AC2429EC25FE003BE4F1 /* NetworkManager.swift */; };
		F511AC2729EC544D003BE4F1 /* ImageProperties.swift in Sources */ = {isa = PBXBuildFile; fileRef = F511AC2629EC544D003BE4F1 /* ImageProperties.swift */; };
		F5A5521F2A27C78700729D41 /* AlamofireNetworkRequest.swift in Sources */ = {isa = PBXBuildFile; fileRef = F5A5521E2A27C78700729D41 /* AlamofireNetworkRequest.swift */; };
/* End PBXBuildFile section */

/* Begin PBXFileReference section */
		E19EC6549336CFBD2C22520F /* Pods-Networking.debug.xcconfig */ = {isa = PBXFileReference; includeInIndex = 1; lastKnownFileType = text.xcconfig; name = "Pods-Networking.debug.xcconfig"; path = "Target Support Files/Pods-Networking/Pods-Networking.debug.xcconfig"; sourceTree = "<group>"; };
		EEEEE49D7FA07648F8A610ED /* Pods-Networking.release.xcconfig */ = {isa = PBXFileReference; includeInIndex = 1; lastKnownFileType = text.xcconfig; name = "Pods-Networking.release.xcconfig"; path = "Target Support Files/Pods-Networking/Pods-Networking.release.xcconfig"; sourceTree = "<group>"; };
		F50751DE2A263CD4009A3D3F /* DataProvider.swift */ = {isa = PBXFileReference; lastKnownFileType = sourcecode.swift; path = DataProvider.swift; sourceTree = "<group>"; };
		F511ABF429EBE169003BE4F1 /* AppDelegate.swift */ = {isa = PBXFileReference; lastKnownFileType = sourcecode.swift; path = AppDelegate.swift; sourceTree = "<group>"; };
		F511ABF629EBE169003BE4F1 /* SceneDelegate.swift */ = {isa = PBXFileReference; lastKnownFileType = sourcecode.swift; path = SceneDelegate.swift; sourceTree = "<group>"; };
		F511ABF829EBE169003BE4F1 /* ImageViewController.swift */ = {isa = PBXFileReference; lastKnownFileType = sourcecode.swift; path = ImageViewController.swift; sourceTree = "<group>"; };
		F511ABFB29EBE169003BE4F1 /* Base */ = {isa = PBXFileReference; lastKnownFileType = file.storyboard; name = Base; path = Base.lproj/Main.storyboard; sourceTree = "<group>"; };
		F511ABFD29EBE16A003BE4F1 /* Assets.xcassets */ = {isa = PBXFileReference; lastKnownFileType = folder.assetcatalog; path = Assets.xcassets; sourceTree = "<group>"; };
		F511AC0029EBE16A003BE4F1 /* Base */ = {isa = PBXFileReference; lastKnownFileType = file.storyboard; name = Base; path = Base.lproj/LaunchScreen.storyboard; sourceTree = "<group>"; };
		F511AC0229EBE16A003BE4F1 /* Info.plist */ = {isa = PBXFileReference; lastKnownFileType = text.plist.xml; path = Info.plist; sourceTree = "<group>"; };
		F511AC0829EBE1CB003BE4F1 /* .gitignore */ = {isa = PBXFileReference; lastKnownFileType = text; path = .gitignore; sourceTree = "<group>"; };
		F511AC1229EBFD7E003BE4F1 /* CoursesViewController.swift */ = {isa = PBXFileReference; lastKnownFileType = sourcecode.swift; path = CoursesViewController.swift; sourceTree = "<group>"; };
		F511AC1629EC02B9003BE4F1 /* WebViewController.swift */ = {isa = PBXFileReference; lastKnownFileType = sourcecode.swift; path = WebViewController.swift; sourceTree = "<group>"; };
		F511AC1929EC0386003BE4F1 /* TableViewCell.swift */ = {isa = PBXFileReference; lastKnownFileType = sourcecode.swift; path = TableViewCell.swift; sourceTree = "<group>"; };
		F511AC1C29EC058E003BE4F1 /* Course.swift */ = {isa = PBXFileReference; lastKnownFileType = sourcecode.swift; path = Course.swift; sourceTree = "<group>"; };
		F511AC1E29EC0B41003BE4F1 /* WebsiteDescription.swift */ = {isa = PBXFileReference; lastKnownFileType = sourcecode.swift; path = WebsiteDescription.swift; sourceTree = "<group>"; };
		F511AC2029EC1DA2003BE4F1 /* MainViewController.swift */ = {isa = PBXFileReference; lastKnownFileType = sourcecode.swift; path = MainViewController.swift; sourceTree = "<group>"; };
		F511AC2229EC1DB8003BE4F1 /* CollectionViewCell.swift */ = {isa = PBXFileReference; lastKnownFileType = sourcecode.swift; path = CollectionViewCell.swift; sourceTree = "<group>"; };
		F511AC2429EC25FE003BE4F1 /* NetworkManager.swift */ = {isa = PBXFileReference; lastKnownFileType = sourcecode.swift; path = NetworkManager.swift; sourceTree = "<group>"; };
		F511AC2629EC544D003BE4F1 /* ImageProperties.swift */ = {isa = PBXFileReference; lastKnownFileType = sourcecode.swift; path = ImageProperties.swift; sourceTree = "<group>"; };
		F5A5521D2A27C41E00729D41 /* Networking.app */ = {isa = PBXFileReference; explicitFileType = wrapper.application; includeInIndex = 0; path = Networking.app; sourceTree = BUILT_PRODUCTS_DIR; };
		F5A5521E2A27C78700729D41 /* AlamofireNetworkRequest.swift */ = {isa = PBXFileReference; lastKnownFileType = sourcecode.swift; path = AlamofireNetworkRequest.swift; sourceTree = "<group>"; };
/* End PBXFileReference section */

/* Begin PBXFrameworksBuildPhase section */
		F511ABEE29EBE169003BE4F1 /* Frameworks */ = {
			isa = PBXFrameworksBuildPhase;
			buildActionMask = 2147483647;
			files = (
			);
			runOnlyForDeploymentPostprocessing = 0;
		};
/* End PBXFrameworksBuildPhase section */

/* Begin PBXGroup section */
		5F2ADF854FC0A363EFEDF977 /* Pods */ = {
			isa = PBXGroup;
			children = (
				E19EC6549336CFBD2C22520F /* Pods-Networking.debug.xcconfig */,
				EEEEE49D7FA07648F8A610ED /* Pods-Networking.release.xcconfig */,
			);
			path = Pods;
			sourceTree = "<group>";
		};
		F511ABE829EBE169003BE4F1 = {
			isa = PBXGroup;
			children = (
				F511AC0829EBE1CB003BE4F1 /* .gitignore */,
				F511ABF329EBE169003BE4F1 /* Networking */,
				5F2ADF854FC0A363EFEDF977 /* Pods */,
				F5A5521D2A27C41E00729D41 /* Networking.app */,
			);
			sourceTree = "<group>";
		};
		F511ABF329EBE169003BE4F1 /* Networking */ = {
			isa = PBXGroup;
			children = (
				F511AC0C29EBE41A003BE4F1 /* Application */,
				F511AC1B29EC055A003BE4F1 /* Models */,
				F511AC1829EC0370003BE4F1 /* Views */,
				F511AC0F29EBE470003BE4F1 /* Controllers */,
				F511AC0A29EBE3F0003BE4F1 /* Supporting Files */,
			);
			path = Networking;
			sourceTree = "<group>";
		};
		F511AC0A29EBE3F0003BE4F1 /* Supporting Files */ = {
			isa = PBXGroup;
			children = (
				F511ABFD29EBE16A003BE4F1 /* Assets.xcassets */,
				F511AC0229EBE16A003BE4F1 /* Info.plist */,
			);
			path = "Supporting Files";
			sourceTree = "<group>";
		};
		F511AC0B29EBE409003BE4F1 /* Models */ = {
			isa = PBXGroup;
			children = (
				F511AC2429EC25FE003BE4F1 /* NetworkManager.swift */,
				F50751DE2A263CD4009A3D3F /* DataProvider.swift */,
				F5A5521E2A27C78700729D41 /* AlamofireNetworkRequest.swift */,
			);
			path = Models;
			sourceTree = "<group>";
		};
		F511AC0C29EBE41A003BE4F1 /* Application */ = {
			isa = PBXGroup;
			children = (
				F511AC0B29EBE409003BE4F1 /* Models */,
				F511AC0E29EBE43C003BE4F1 /* Views */,
				F511AC0D29EBE426003BE4F1 /* Controllers */,
			);
			path = Application;
			sourceTree = "<group>";
		};
		F511AC0D29EBE426003BE4F1 /* Controllers */ = {
			isa = PBXGroup;
			children = (
				F511ABF429EBE169003BE4F1 /* AppDelegate.swift */,
				F511ABF629EBE169003BE4F1 /* SceneDelegate.swift */,
			);
			path = Controllers;
			sourceTree = "<group>";
		};
		F511AC0E29EBE43C003BE4F1 /* Views */ = {
			isa = PBXGroup;
			children = (
				F511ABFF29EBE16A003BE4F1 /* LaunchScreen.storyboard */,
				F511ABFA29EBE169003BE4F1 /* Main.storyboard */,
			);
			path = Views;
			sourceTree = "<group>";
		};
		F511AC0F29EBE470003BE4F1 /* Controllers */ = {
			isa = PBXGroup;
			children = (
				F511ABF829EBE169003BE4F1 /* ImageViewController.swift */,
				F511AC1229EBFD7E003BE4F1 /* CoursesViewController.swift */,
				F511AC1629EC02B9003BE4F1 /* WebViewController.swift */,
				F511AC2029EC1DA2003BE4F1 /* MainViewController.swift */,
			);
			path = Controllers;
			sourceTree = "<group>";
		};
		F511AC1829EC0370003BE4F1 /* Views */ = {
			isa = PBXGroup;
			children = (
				F511AC1929EC0386003BE4F1 /* TableViewCell.swift */,
				F511AC2229EC1DB8003BE4F1 /* CollectionViewCell.swift */,
			);
			path = Views;
			sourceTree = "<group>";
		};
		F511AC1B29EC055A003BE4F1 /* Models */ = {
			isa = PBXGroup;
			children = (
				F511AC1C29EC058E003BE4F1 /* Course.swift */,
				F511AC1E29EC0B41003BE4F1 /* WebsiteDescription.swift */,
				F511AC2629EC544D003BE4F1 /* ImageProperties.swift */,
			);
			path = Models;
			sourceTree = "<group>";
		};
/* End PBXGroup section */

/* Begin PBXNativeTarget section */
		F511ABF029EBE169003BE4F1 /* Networking */ = {
			isa = PBXNativeTarget;
			buildConfigurationList = F511AC0529EBE16A003BE4F1 /* Build configuration list for PBXNativeTarget "Networking" */;
			buildPhases = (
				A2F5C0D3A97247F24FFFF286 /* [CP] Check Pods Manifest.lock */,
				F511ABED29EBE169003BE4F1 /* Sources */,
				F511ABEE29EBE169003BE4F1 /* Frameworks */,
				F511ABEF29EBE169003BE4F1 /* Resources */,
				06D92640A81B9E0C86D9E4EF /* [CP] Embed Pods Frameworks */,
			);
			buildRules = (
			);
			dependencies = (
			);
			name = Networking;
			productName = Networking;
			productReference = F5A5521D2A27C41E00729D41 /* Networking.app */;
			productType = "com.apple.product-type.application";
		};
/* End PBXNativeTarget section */

/* Begin PBXProject section */
		F511ABE929EBE169003BE4F1 /* Project object */ = {
			isa = PBXProject;
			attributes = {
				BuildIndependentTargetsInParallel = 1;
				LastSwiftUpdateCheck = 1430;
				LastUpgradeCheck = 1430;
				TargetAttributes = {
					F511ABF029EBE169003BE4F1 = {
						CreatedOnToolsVersion = 14.3;
					};
				};
			};
			buildConfigurationList = F511ABEC29EBE169003BE4F1 /* Build configuration list for PBXProject "Networking" */;
			compatibilityVersion = "Xcode 14.0";
			developmentRegion = en;
			hasScannedForEncodings = 0;
			knownRegions = (
				en,
				Base,
			);
			mainGroup = F511ABE829EBE169003BE4F1;
			productRefGroup = F511ABE829EBE169003BE4F1;
			projectDirPath = "";
			projectRoot = "";
			targets = (
				F511ABF029EBE169003BE4F1 /* Networking */,
			);
		};
/* End PBXProject section */

/* Begin PBXResourcesBuildPhase section */
		F511ABEF29EBE169003BE4F1 /* Resources */ = {
			isa = PBXResourcesBuildPhase;
			buildActionMask = 2147483647;
			files = (
				F511AC0929EBE1CB003BE4F1 /* .gitignore in Resources */,
				F511AC0129EBE16A003BE4F1 /* LaunchScreen.storyboard in Resources */,
				F511ABFE29EBE16A003BE4F1 /* Assets.xcassets in Resources */,
				F511ABFC29EBE169003BE4F1 /* Main.storyboard in Resources */,
			);
			runOnlyForDeploymentPostprocessing = 0;
		};
/* End PBXResourcesBuildPhase section */

/* Begin PBXShellScriptBuildPhase section */
		06D92640A81B9E0C86D9E4EF /* [CP] Embed Pods Frameworks */ = {
			isa = PBXShellScriptBuildPhase;
			buildActionMask = 2147483647;
			files = (
			);
			inputFileListPaths = (
				"${PODS_ROOT}/Target Support Files/Pods-Networking/Pods-Networking-frameworks-${CONFIGURATION}-input-files.xcfilelist",
			);
			name = "[CP] Embed Pods Frameworks";
			outputFileListPaths = (
				"${PODS_ROOT}/Target Support Files/Pods-Networking/Pods-Networking-frameworks-${CONFIGURATION}-output-files.xcfilelist",
			);
			runOnlyForDeploymentPostprocessing = 0;
			shellPath = /bin/sh;
			shellScript = "\"${PODS_ROOT}/Target Support Files/Pods-Networking/Pods-Networking-frameworks.sh\"\n";
			showEnvVarsInLog = 0;
		};
		A2F5C0D3A97247F24FFFF286 /* [CP] Check Pods Manifest.lock */ = {
			isa = PBXShellScriptBuildPhase;
			buildActionMask = 2147483647;
			files = (
			);
			inputFileListPaths = (
			);
			inputPaths = (
				"${PODS_PODFILE_DIR_PATH}/Podfile.lock",
				"${PODS_ROOT}/Manifest.lock",
			);
			name = "[CP] Check Pods Manifest.lock";
			outputFileListPaths = (
			);
			outputPaths = (
				"$(DERIVED_FILE_DIR)/Pods-Networking-checkManifestLockResult.txt",
			);
			runOnlyForDeploymentPostprocessing = 0;
			shellPath = /bin/sh;
			shellScript = "diff \"${PODS_PODFILE_DIR_PATH}/Podfile.lock\" \"${PODS_ROOT}/Manifest.lock\" > /dev/null\nif [ $? != 0 ] ; then\n    # print error to STDERR\n    echo \"error: The sandbox is not in sync with the Podfile.lock. Run 'pod install' or update your CocoaPods installation.\" >&2\n    exit 1\nfi\n# This output is used by Xcode 'outputs' to avoid re-running this script phase.\necho \"SUCCESS\" > \"${SCRIPT_OUTPUT_FILE_0}\"\n";
			showEnvVarsInLog = 0;
		};
/* End PBXShellScriptBuildPhase section */

/* Begin PBXSourcesBuildPhase section */
		F511ABED29EBE169003BE4F1 /* Sources */ = {
			isa = PBXSourcesBuildPhase;
			buildActionMask = 2147483647;
			files = (
				F511AC2529EC25FE003BE4F1 /* NetworkManager.swift in Sources */,
				F511AC1F29EC0B41003BE4F1 /* WebsiteDescription.swift in Sources */,
				F511AC1D29EC058E003BE4F1 /* Course.swift in Sources */,
				F511ABF929EBE169003BE4F1 /* ImageViewController.swift in Sources */,
				F511AC1729EC02B9003BE4F1 /* WebViewController.swift in Sources */,
				F511ABF529EBE169003BE4F1 /* AppDelegate.swift in Sources */,
				F511ABF729EBE169003BE4F1 /* SceneDelegate.swift in Sources */,
				F5A5521F2A27C78700729D41 /* AlamofireNetworkRequest.swift in Sources */,
				F511AC1A29EC0386003BE4F1 /* TableViewCell.swift in Sources */,
				F511AC2729EC544D003BE4F1 /* ImageProperties.swift in Sources */,
				F511AC1329EBFD7E003BE4F1 /* CoursesViewController.swift in Sources */,
				F511AC2129EC1DA2003BE4F1 /* MainViewController.swift in Sources */,
				F511AC2329EC1DB8003BE4F1 /* CollectionViewCell.swift in Sources */,
				F50751DF2A263CD4009A3D3F /* DataProvider.swift in Sources */,
			);
			runOnlyForDeploymentPostprocessing = 0;
		};
/* End PBXSourcesBuildPhase section */

/* Begin PBXVariantGroup section */
		F511ABFA29EBE169003BE4F1 /* Main.storyboard */ = {
			isa = PBXVariantGroup;
			children = (
				F511ABFB29EBE169003BE4F1 /* Base */,
			);
			name = Main.storyboard;
			sourceTree = "<group>";
		};
		F511ABFF29EBE16A003BE4F1 /* LaunchScreen.storyboard */ = {
			isa = PBXVariantGroup;
			children = (
				F511AC0029EBE16A003BE4F1 /* Base */,
			);
			name = LaunchScreen.storyboard;
			sourceTree = "<group>";
		};
/* End PBXVariantGroup section */

/* Begin XCBuildConfiguration section */
		F511AC0329EBE16A003BE4F1 /* Debug */ = {
			isa = XCBuildConfiguration;
			buildSettings = {
				ALWAYS_SEARCH_USER_PATHS = NO;
				CLANG_ANALYZER_NONNULL = YES;
				CLANG_ANALYZER_NUMBER_OBJECT_CONVERSION = YES_AGGRESSIVE;
				CLANG_CXX_LANGUAGE_STANDARD = "gnu++20";
				CLANG_ENABLE_MODULES = YES;
				CLANG_ENABLE_OBJC_ARC = YES;
				CLANG_ENABLE_OBJC_WEAK = YES;
				CLANG_WARN_BLOCK_CAPTURE_AUTORELEASING = YES;
				CLANG_WARN_BOOL_CONVERSION = YES;
				CLANG_WARN_COMMA = YES;
				CLANG_WARN_CONSTANT_CONVERSION = YES;
				CLANG_WARN_DEPRECATED_OBJC_IMPLEMENTATIONS = YES;
				CLANG_WARN_DIRECT_OBJC_ISA_USAGE = YES_ERROR;
				CLANG_WARN_DOCUMENTATION_COMMENTS = YES;
				CLANG_WARN_EMPTY_BODY = YES;
				CLANG_WARN_ENUM_CONVERSION = YES;
				CLANG_WARN_INFINITE_RECURSION = YES;
				CLANG_WARN_INT_CONVERSION = YES;
				CLANG_WARN_NON_LITERAL_NULL_CONVERSION = YES;
				CLANG_WARN_OBJC_IMPLICIT_RETAIN_SELF = YES;
				CLANG_WARN_OBJC_LITERAL_CONVERSION = YES;
				CLANG_WARN_OBJC_ROOT_CLASS = YES_ERROR;
				CLANG_WARN_QUOTED_INCLUDE_IN_FRAMEWORK_HEADER = YES;
				CLANG_WARN_RANGE_LOOP_ANALYSIS = YES;
				CLANG_WARN_STRICT_PROTOTYPES = YES;
				CLANG_WARN_SUSPICIOUS_MOVE = YES;
				CLANG_WARN_UNGUARDED_AVAILABILITY = YES_AGGRESSIVE;
				CLANG_WARN_UNREACHABLE_CODE = YES;
				CLANG_WARN__DUPLICATE_METHOD_MATCH = YES;
				COPY_PHASE_STRIP = NO;
				DEBUG_INFORMATION_FORMAT = dwarf;
				ENABLE_STRICT_OBJC_MSGSEND = YES;
				ENABLE_TESTABILITY = YES;
				GCC_C_LANGUAGE_STANDARD = gnu11;
				GCC_DYNAMIC_NO_PIC = NO;
				GCC_NO_COMMON_BLOCKS = YES;
				GCC_OPTIMIZATION_LEVEL = 0;
				GCC_PREPROCESSOR_DEFINITIONS = (
					"DEBUG=1",
					"$(inherited)",
				);
				GCC_WARN_64_TO_32_BIT_CONVERSION = YES;
				GCC_WARN_ABOUT_RETURN_TYPE = YES_ERROR;
				GCC_WARN_UNDECLARED_SELECTOR = YES;
				GCC_WARN_UNINITIALIZED_AUTOS = YES_AGGRESSIVE;
				GCC_WARN_UNUSED_FUNCTION = YES;
				GCC_WARN_UNUSED_VARIABLE = YES;
				IPHONEOS_DEPLOYMENT_TARGET = 16.4;
				MTL_ENABLE_DEBUG_INFO = INCLUDE_SOURCE;
				MTL_FAST_MATH = YES;
				ONLY_ACTIVE_ARCH = YES;
				SDKROOT = iphoneos;
				SWIFT_ACTIVE_COMPILATION_CONDITIONS = DEBUG;
				SWIFT_OPTIMIZATION_LEVEL = "-Onone";
			};
			name = Debug;
		};
		F511AC0429EBE16A003BE4F1 /* Release */ = {
			isa = XCBuildConfiguration;
			buildSettings = {
				ALWAYS_SEARCH_USER_PATHS = NO;
				CLANG_ANALYZER_NONNULL = YES;
				CLANG_ANALYZER_NUMBER_OBJECT_CONVERSION = YES_AGGRESSIVE;
				CLANG_CXX_LANGUAGE_STANDARD = "gnu++20";
				CLANG_ENABLE_MODULES = YES;
				CLANG_ENABLE_OBJC_ARC = YES;
				CLANG_ENABLE_OBJC_WEAK = YES;
				CLANG_WARN_BLOCK_CAPTURE_AUTORELEASING = YES;
				CLANG_WARN_BOOL_CONVERSION = YES;
				CLANG_WARN_COMMA = YES;
				CLANG_WARN_CONSTANT_CONVERSION = YES;
				CLANG_WARN_DEPRECATED_OBJC_IMPLEMENTATIONS = YES;
				CLANG_WARN_DIRECT_OBJC_ISA_USAGE = YES_ERROR;
				CLANG_WARN_DOCUMENTATION_COMMENTS = YES;
				CLANG_WARN_EMPTY_BODY = YES;
				CLANG_WARN_ENUM_CONVERSION = YES;
				CLANG_WARN_INFINITE_RECURSION = YES;
				CLANG_WARN_INT_CONVERSION = YES;
				CLANG_WARN_NON_LITERAL_NULL_CONVERSION = YES;
				CLANG_WARN_OBJC_IMPLICIT_RETAIN_SELF = YES;
				CLANG_WARN_OBJC_LITERAL_CONVERSION = YES;
				CLANG_WARN_OBJC_ROOT_CLASS = YES_ERROR;
				CLANG_WARN_QUOTED_INCLUDE_IN_FRAMEWORK_HEADER = YES;
				CLANG_WARN_RANGE_LOOP_ANALYSIS = YES;
				CLANG_WARN_STRICT_PROTOTYPES = YES;
				CLANG_WARN_SUSPICIOUS_MOVE = YES;
				CLANG_WARN_UNGUARDED_AVAILABILITY = YES_AGGRESSIVE;
				CLANG_WARN_UNREACHABLE_CODE = YES;
				CLANG_WARN__DUPLICATE_METHOD_MATCH = YES;
				COPY_PHASE_STRIP = NO;
				DEBUG_INFORMATION_FORMAT = "dwarf-with-dsym";
				ENABLE_NS_ASSERTIONS = NO;
				ENABLE_STRICT_OBJC_MSGSEND = YES;
				GCC_C_LANGUAGE_STANDARD = gnu11;
				GCC_NO_COMMON_BLOCKS = YES;
				GCC_WARN_64_TO_32_BIT_CONVERSION = YES;
				GCC_WARN_ABOUT_RETURN_TYPE = YES_ERROR;
				GCC_WARN_UNDECLARED_SELECTOR = YES;
				GCC_WARN_UNINITIALIZED_AUTOS = YES_AGGRESSIVE;
				GCC_WARN_UNUSED_FUNCTION = YES;
				GCC_WARN_UNUSED_VARIABLE = YES;
				IPHONEOS_DEPLOYMENT_TARGET = 16.4;
				MTL_ENABLE_DEBUG_INFO = NO;
				MTL_FAST_MATH = YES;
				SDKROOT = iphoneos;
				SWIFT_COMPILATION_MODE = wholemodule;
				SWIFT_OPTIMIZATION_LEVEL = "-O";
				VALIDATE_PRODUCT = YES;
			};
			name = Release;
		};
		F511AC0629EBE16A003BE4F1 /* Debug */ = {
			isa = XCBuildConfiguration;
			baseConfigurationReference = E19EC6549336CFBD2C22520F /* Pods-Networking.debug.xcconfig */;
			buildSettings = {
				ASSETCATALOG_COMPILER_APPICON_NAME = AppIcon;
				ASSETCATALOG_COMPILER_GLOBAL_ACCENT_COLOR_NAME = AccentColor;
				CODE_SIGN_STYLE = Automatic;
				CURRENT_PROJECT_VERSION = 1;
				DEVELOPMENT_TEAM = VQ3NGD79KV;
				GENERATE_INFOPLIST_FILE = YES;
				INFOPLIST_FILE = "Networking/Supporting Files/Info.plist";
				INFOPLIST_KEY_UIApplicationSupportsIndirectInputEvents = YES;
				INFOPLIST_KEY_UILaunchStoryboardName = LaunchScreen;
				INFOPLIST_KEY_UIMainStoryboardFile = Main;
				INFOPLIST_KEY_UISupportedInterfaceOrientations_iPad = "UIInterfaceOrientationPortrait UIInterfaceOrientationPortraitUpsideDown UIInterfaceOrientationLandscapeLeft UIInterfaceOrientationLandscapeRight";
				INFOPLIST_KEY_UISupportedInterfaceOrientations_iPhone = "UIInterfaceOrientationPortrait UIInterfaceOrientationLandscapeLeft UIInterfaceOrientationLandscapeRight";
				LD_RUNPATH_SEARCH_PATHS = (
					"$(inherited)",
					"@executable_path/Frameworks",
				);
				MARKETING_VERSION = 1.0;
				PRODUCT_BUNDLE_IDENTIFIER = com.vladyslavpetrenko.Networking;
				PRODUCT_NAME = "$(TARGET_NAME)";
				SWIFT_EMIT_LOC_STRINGS = YES;
				SWIFT_VERSION = 5.0;
				TARGETED_DEVICE_FAMILY = "1,2";
			};
			name = Debug;
		};
		F511AC0729EBE16A003BE4F1 /* Release */ = {
			isa = XCBuildConfiguration;
			baseConfigurationReference = EEEEE49D7FA07648F8A610ED /* Pods-Networking.release.xcconfig */;
			buildSettings = {
				ASSETCATALOG_COMPILER_APPICON_NAME = AppIcon;
				ASSETCATALOG_COMPILER_GLOBAL_ACCENT_COLOR_NAME = AccentColor;
				CODE_SIGN_STYLE = Automatic;
				CURRENT_PROJECT_VERSION = 1;
				DEVELOPMENT_TEAM = VQ3NGD79KV;
				GENERATE_INFOPLIST_FILE = YES;
				INFOPLIST_FILE = "Networking/Supporting Files/Info.plist";
				INFOPLIST_KEY_UIApplicationSupportsIndirectInputEvents = YES;
				INFOPLIST_KEY_UILaunchStoryboardName = LaunchScreen;
				INFOPLIST_KEY_UIMainStoryboardFile = Main;
				INFOPLIST_KEY_UISupportedInterfaceOrientations_iPad = "UIInterfaceOrientationPortrait UIInterfaceOrientationPortraitUpsideDown UIInterfaceOrientationLandscapeLeft UIInterfaceOrientationLandscapeRight";
				INFOPLIST_KEY_UISupportedInterfaceOrientations_iPhone = "UIInterfaceOrientationPortrait UIInterfaceOrientationLandscapeLeft UIInterfaceOrientationLandscapeRight";
				LD_RUNPATH_SEARCH_PATHS = (
					"$(inherited)",
					"@executable_path/Frameworks",
				);
				MARKETING_VERSION = 1.0;
				PRODUCT_BUNDLE_IDENTIFIER = com.vladyslavpetrenko.Networking;
				PRODUCT_NAME = "$(TARGET_NAME)";
				SWIFT_EMIT_LOC_STRINGS = YES;
				SWIFT_VERSION = 5.0;
				TARGETED_DEVICE_FAMILY = "1,2";
			};
			name = Release;
		};
/* End XCBuildConfiguration section */

/* Begin XCConfigurationList section */
		F511ABEC29EBE169003BE4F1 /* Build configuration list for PBXProject "Networking" */ = {
			isa = XCConfigurationList;
			buildConfigurations = (
				F511AC0329EBE16A003BE4F1 /* Debug */,
				F511AC0429EBE16A003BE4F1 /* Release */,
			);
			defaultConfigurationIsVisible = 0;
			defaultConfigurationName = Release;
		};
		F511AC0529EBE16A003BE4F1 /* Build configuration list for PBXNativeTarget "Networking" */ = {
			isa = XCConfigurationList;
			buildConfigurations = (
				F511AC0629EBE16A003BE4F1 /* Debug */,
				F511AC0729EBE16A003BE4F1 /* Release */,
			);
			defaultConfigurationIsVisible = 0;
			defaultConfigurationName = Release;
		};
/* End XCConfigurationList section */
	};
	rootObject = F511ABE929EBE169003BE4F1 /* Project object */;
}
